symfony cb144872ea07f2761cb6fb1be719770708507216
twig cb144872ea07f2761cb6fb1be719770708507216
monolog cb144872ea07f2761cb6fb1be719770708507216
doctrine-common cb144872ea07f2761cb6fb1be719770708507216
doctrine-dbal cb144872ea07f2761cb6fb1be719770708507216
doctrine cb144872ea07f2761cb6fb1be719770708507216
swiftmailer cb144872ea07f2761cb6fb1be719770708507216
assetic cb144872ea07f2761cb6fb1be719770708507216
twig-extensions cb144872ea07f2761cb6fb1be719770708507216
metadata cb144872ea07f2761cb6fb1be719770708507216
SensioFrameworkExtraBundle cb144872ea07f2761cb6fb1be719770708507216
JMSSecurityExtraBundle cb144872ea07f2761cb6fb1be719770708507216
SensioDistributionBundle cb144872ea07f2761cb6fb1be719770708507216
SensioGeneratorBundle cb144872ea07f2761cb6fb1be719770708507216
AsseticBundle cb144872ea07f2761cb6fb1be719770708507216